{
  "object": {
    "pins": [
      {
        "package": "Core",
        "repositoryURL": "https://github.com/vapor/core.git",
        "state": {
          "branch": null,
          "revision": "1782c550512dc5a43d0bca405e28fc386d932bbf",
          "version": "3.10.0"
        }
      },
      {
        "package": "Crypto",
        "repositoryURL": "https://github.com/vapor/crypto.git",
        "state": {
          "branch": null,
          "revision": "105c2f875588bf40dd24c00cef3644bf8e327770",
          "version": "3.4.1"
        }
      },
      {
        "package": "HTTP",
        "repositoryURL": "https://github.com/vapor/http.git",
        "state": {
          "branch": null,
          "revision": "0464b715a4b59f54078bcf7a4b424767b03db5a5",
          "version": "3.4.0"
        }
      },
      {
        "package": "Multipart",
        "repositoryURL": "https://github.com/vapor/multipart.git",
        "state": {
          "branch": null,
          "revision": "fb216c5a8ef07dcd90aec8a4155e86c831acce97",
          "version": "3.1.3"
        }
      },
      {
        "package": "swift-log",
        "repositoryURL": "https://github.com/givip/swift-log.git",
        "state": {
          "branch": null,
          "revision": "fef7af3b3ae0985f8be9b11c33ad0d1939726545",
          "version": "1.1.0-Logging-swift"
        }
      },
      {
        "package": "swift-nio",
        "repositoryURL": "https://github.com/apple/swift-nio.git",
        "state": {
          "branch": null,
          "revision": "8da5c5a4e6c5084c296b9f39dc54f00be146e0fa",
          "version": "1.14.2"
        }
      },
      {
        "package": "swift-nio-ssl",
        "repositoryURL": "https://github.com/apple/swift-nio-ssl.git",
        "state": {
          "branch": null,
          "revision": "0f3999f3e3c359cc74480c292644c3419e44a12f",
          "version": "1.4.0"
        }
      },
      {
        "package": "swift-nio-ssl-support",
        "repositoryURL": "https://github.com/apple/swift-nio-ssl-support.git",
        "state": {
          "branch": null,
          "revision": "c02eec4e0e6d351cd092938cf44195a8e669f555",
          "version": "1.0.0"
        }
      },
      {
        "package": "swift-nio-zlib-support",
        "repositoryURL": "https://github.com/apple/swift-nio-zlib-support.git",
        "state": {
          "branch": null,
          "revision": "37760e9a52030bb9011972c5213c3350fa9d41fd",
          "version": "1.0.0"
        }
      },
      {
        "package": "Telegrammer",
        "repositoryURL": "https://github.com/givip/Telegrammer.git",
        "state": {
          "branch": null,
          "revision": "79c8199ae99ea2cb451e8a378f13efabb91a5a13",
          "version": "0.5.4"
        }
      }
    ]
  },
  "version": 1
}
